
Microsoft Visual Studio Solution File, Format Version 12.00
# Visual Studio Version 17
VisualStudioVersion = 17.4.33103.184
MinimumVisualStudioVersion = 10.0.40219.1
Project("{FAE04EC0-301F-11D3-BF4B-00C04F79EFBC}") = "SyUtilityPatches", "SyUtilityPatches.csproj", "{1BAAA7E5-0F07-440F-9F8E-3D2A266F83C7}"
EndProject
Global
	GlobalSection(SolutionConfigurationPlatforms) = preSolution
		Debug|Any CPU = Debug|Any CPU
		Debug|x64 = Debug|x64
		Release|Any CPU = Release|Any CPU
		Release|x64 = Release|x64
	EndGlobalSection
	GlobalSection(ProjectConfigurationPlatforms) = postSolution
		{1BAAA7E5-0F07-440F-9F8E-3D2A266F83C7}.Debug|Any CPU.ActiveCfg = Debug|Any CPU
		{1BAAA7E5-0F07-440F-9F8E-3D2A266F83C7}.Debug|Any CPU.Build.0 = Debug|Any CPU
		{1BAAA7E5-0F07-440F-9F8E-3D2A266F83C7}.Debug|x64.ActiveCfg = Debug|x64
		{1BAAA7E5-0F07-440F-9F8E-3D2A266F83C7}.Debug|x64.Build.0 = Debug|x64
		{1BAAA7E5-0F07-440F-9F8E-3D2A266F83C7}.Release|Any CPU.ActiveCfg = Release|Any CPU
		{1BAAA7E5-0F07-440F-9F8E-3D2A266F83C7}.Release|Any CPU.Build.0 = Release|Any CPU
		{1BAAA7E5-0F07-440F-9F8E-3D2A266F83C7}.Release|x64.ActiveCfg = Release|x64
		{1BAAA7E5-0F07-440F-9F8E-3D2A266F83C7}.Release|x64.Build.0 = Release|x64
	EndGlobalSection
	GlobalSection(SolutionProperties) = preSolution
		HideSolutionNode = FALSE
	EndGlobalSection
	GlobalSection(ExtensibilityGlobals) = postSolution
		SolutionGuid = {9331FD7C-66C9-4AFB-BD2D-1120BAB5B66A}
	EndGlobalSection
EndGlobal
